
Microsoft Visual Studio Solution File, Format Version 11.00
# Visual Studio 2010
Project("{FAE04EC0-301F-11D3-BF4B-00C04F79EFBC}") = "TitanControlPanel.Package", "Package\TitanControlPanel.Package.csproj", "{85D9973F-9879-4151-89A8-2BEA3EC1B346}"
EndProject
Project("{FAE04EC0-301F-11D3-BF4B-00C04F79EFBC}") = "IntegrationTests", "IntegrationTests\IntegrationTests.csproj", "{0549930A-BF71-40C3-B1E6-4EA8B6111CB1}"
EndProject
Project("{2150E333-8FDC-42A3-9474-1A3956D46DE8}") = "Solution Items", "Solution Items", "{F7AA54B3-E7E0-4C13-93B5-2740F98F242D}"
	ProjectSection(SolutionItems) = preProject
		IntegrationTests.testsettings = IntegrationTests.testsettings
		TitanControlPanel.vsmdi = TitanControlPanel.vsmdi
		UnitTests.testsettings = UnitTests.testsettings
	EndProjectSection
EndProject
Project("{FAE04EC0-301F-11D3-BF4B-00C04F79EFBC}") = "UnitTests", "UnitTests\UnitTests.csproj", "{EC1847E9-0330-470A-BA27-A682E39293C0}"
EndProject
Global
	GlobalSection(TestCaseManagementSettings) = postSolution
		CategoryFile = TitanControlPanel.vsmdi
	EndGlobalSection
	GlobalSection(SolutionConfigurationPlatforms) = preSolution
		Debug|Any CPU = Debug|Any CPU
		Release|Any CPU = Release|Any CPU
	EndGlobalSection
	GlobalSection(ProjectConfigurationPlatforms) = postSolution
		{85D9973F-9879-4151-89A8-2BEA3EC1B346}.Debug|Any CPU.ActiveCfg = Debug|Any CPU
		{85D9973F-9879-4151-89A8-2BEA3EC1B346}.Debug|Any CPU.Build.0 = Debug|Any CPU
		{85D9973F-9879-4151-89A8-2BEA3EC1B346}.Release|Any CPU.ActiveCfg = Release|Any CPU
		{85D9973F-9879-4151-89A8-2BEA3EC1B346}.Release|Any CPU.Build.0 = Release|Any CPU
		{0549930A-BF71-40C3-B1E6-4EA8B6111CB1}.Debug|Any CPU.ActiveCfg = Debug|Any CPU
		{0549930A-BF71-40C3-B1E6-4EA8B6111CB1}.Debug|Any CPU.Build.0 = Debug|Any CPU
		{0549930A-BF71-40C3-B1E6-4EA8B6111CB1}.Release|Any CPU.ActiveCfg = Release|Any CPU
		{0549930A-BF71-40C3-B1E6-4EA8B6111CB1}.Release|Any CPU.Build.0 = Release|Any CPU
		{EC1847E9-0330-470A-BA27-A682E39293C0}.Debug|Any CPU.ActiveCfg = Debug|Any CPU
		{EC1847E9-0330-470A-BA27-A682E39293C0}.Debug|Any CPU.Build.0 = Debug|Any CPU
		{EC1847E9-0330-470A-BA27-A682E39293C0}.Release|Any CPU.ActiveCfg = Release|Any CPU
		{EC1847E9-0330-470A-BA27-A682E39293C0}.Release|Any CPU.Build.0 = Release|Any CPU
	EndGlobalSection
	GlobalSection(SolutionProperties) = preSolution
		HideSolutionNode = FALSE
	EndGlobalSection
EndGlobal
